
Microsoft Visual Studio Solution File, Format Version 12.00
# Visual Studio Version 17
VisualStudioVersion = 17.4.33110.190
MinimumVisualStudioVersion = 10.0.40219.1
Project("{8BC9CEB8-8B4A-11D0-8D11-00A0C91BC942}") = "01. Intro", "01. Intro\01. Intro.vcxproj", "{2E240B43-0B05-4559-AA02-43DCE90149AF}"
EndProject
Project("{8BC9CEB8-8B4A-11D0-8D11-00A0C91BC942}") = "02. Data types", "02. Data types\02. Data types.vcxproj", "{E351C252-1150-4CDB-BC12-C564ED1E56C4}"
EndProject
Project("{8BC9CEB8-8B4A-11D0-8D11-00A0C91BC942}") = "03. if-else", "03. if-else\03. if-else.vcxproj", "{0BBC9D57-FFD2-40ED-B704-963524C02ECD}"
EndProject
Project("{8BC9CEB8-8B4A-11D0-8D11-00A0C91BC942}") = "04.Switch", "04.Switch\04.Switch.vcxproj", "{5FF4A79B-6B37-47CA-A39D-3E6678F37E59}"
EndProject
Project("{8BC9CEB8-8B4A-11D0-8D11-00A0C91BC942}") = "05. Loops", "05. Loops\05. Loops.vcxproj", "{18C5FC42-DABC-4BBF-BA83-A11379698DDD}"
EndProject
Project("{8BC9CEB8-8B4A-11D0-8D11-00A0C91BC942}") = "06. Loops part 2", "06. Loops part 2\06. Loops part 2.vcxproj", "{57E31132-23B7-4EE1-81E7-7299406CFC76}"
EndProject
Project("{8BC9CEB8-8B4A-11D0-8D11-00A0C91BC942}") = "07. Internal loops", "07. Internal loops\07. Internal loops.vcxproj", "{34B06BA5-D271-4AC2-BD9C-46B7279B0D7C}"
EndProject
Project("{8BC9CEB8-8B4A-11D0-8D11-00A0C91BC942}") = "08. Arrays", "08. Arrays\08. Arrays.vcxproj", "{C89A9400-9648-470C-A1A5-FA4BEB6DD7EB}"
EndProject
Project("{8BC9CEB8-8B4A-11D0-8D11-00A0C91BC942}") = "09. Arrays with bubble sort", "09. Arrays with bubble sort\09. Arrays with bubble sort.vcxproj", "{8870CFF5-E9CB-4376-B2CD-D3207FD3A709}"
EndProject
Project("{8BC9CEB8-8B4A-11D0-8D11-00A0C91BC942}") = "10. Functions", "10. functions\10. functions.vcxproj", "{8FDF090D-4FAA-42EB-8F3A-84C2B1A9A064}"
EndProject
Project("{8BC9CEB8-8B4A-11D0-8D11-00A0C91BC942}") = "11. Functions", "11. Functions\11. Functions.vcxproj", "{D7F00899-63A2-4DDE-A64C-A368118195F3}"
EndProject
Project("{8BC9CEB8-8B4A-11D0-8D11-00A0C91BC942}") = "12. Overload functions", "12. Overload functions\12. Overload functions.vcxproj", "{F907D00B-EC14-4B71-8D5F-F7680A0E45E9}"
EndProject
Project("{8BC9CEB8-8B4A-11D0-8D11-00A0C91BC942}") = "13. Practice", "13. Practice\13. Practice.vcxproj", "{18EC58DA-2A20-4A26-BCB4-2DB6B9BCF162}"
EndProject
Project("{8BC9CEB8-8B4A-11D0-8D11-00A0C91BC942}") = "14. Template functions", "14. Template functions\14. Template functions.vcxproj", "{167FF47A-D934-41DA-AB0A-C2C91F36A4F8}"
EndProject
Project("{8BC9CEB8-8B4A-11D0-8D11-00A0C91BC942}") = "15. Template function practice", "15. Template function practice\15. Template function practice.vcxproj", "{A3562649-B4D4-4C8B-86A3-4D915BFAADD5}"
EndProject
Project("{8BC9CEB8-8B4A-11D0-8D11-00A0C91BC942}") = "16. Pointers intro", "16. Pointers intro\16. Pointers intro.vcxproj", "{D6B19BC5-1343-4D3D-977E-D382D57A8BE8}"
EndProject
Project("{8BC9CEB8-8B4A-11D0-8D11-00A0C91BC942}") = "17. Pointers part 2", "17. Pointers part 2\17. Pointers part 2.vcxproj", "{A0463B3A-1D2B-451E-8A3E-DAC020EDE6D9}"
EndProject
Project("{8BC9CEB8-8B4A-11D0-8D11-00A0C91BC942}") = "18. Char pointer and structure", "18. Char pointer and structure\18. Char pointer and structure.vcxproj", "{86D4F896-B6D3-4FA9-B861-C1F50E632A2C}"
EndProject
Global
	GlobalSection(SolutionConfigurationPlatforms) = preSolution
		Debug|x64 = Debug|x64
		Debug|x86 = Debug|x86
		Release|x64 = Release|x64
		Release|x86 = Release|x86
	EndGlobalSection
	GlobalSection(ProjectConfigurationPlatforms) = postSolution
		{2E240B43-0B05-4559-AA02-43DCE90149AF}.Debug|x64.ActiveCfg = Debug|x64
		{2E240B43-0B05-4559-AA02-43DCE90149AF}.Debug|x64.Build.0 = Debug|x64
		{2E240B43-0B05-4559-AA02-43DCE90149AF}.Debug|x86.ActiveCfg = Debug|Win32
		{2E240B43-0B05-4559-AA02-43DCE90149AF}.Debug|x86.Build.0 = Debug|Win32
		{2E240B43-0B05-4559-AA02-43DCE90149AF}.Release|x64.ActiveCfg = Release|x64
		{2E240B43-0B05-4559-AA02-43DCE90149AF}.Release|x64.Build.0 = Release|x64
		{2E240B43-0B05-4559-AA02-43DCE90149AF}.Release|x86.ActiveCfg = Release|Win32
		{2E240B43-0B05-4559-AA02-43DCE90149AF}.Release|x86.Build.0 = Release|Win32
		{E351C252-1150-4CDB-BC12-C564ED1E56C4}.Debug|x64.ActiveCfg = Debug|x64
		{E351C252-1150-4CDB-BC12-C564ED1E56C4}.Debug|x64.Build.0 = Debug|x64
		{E351C252-1150-4CDB-BC12-C564ED1E56C4}.Debug|x86.ActiveCfg = Debug|Win32
		{E351C252-1150-4CDB-BC12-C564ED1E56C4}.Debug|x86.Build.0 = Debug|Win32
		{E351C252-1150-4CDB-BC12-C564ED1E56C4}.Release|x64.ActiveCfg = Release|x64
		{E351C252-1150-4CDB-BC12-C564ED1E56C4}.Release|x64.Build.0 = Release|x64
		{E351C252-1150-4CDB-BC12-C564ED1E56C4}.Release|x86.ActiveCfg = Release|Win32
		{E351C252-1150-4CDB-BC12-C564ED1E56C4}.Release|x86.Build.0 = Release|Win32
		{0BBC9D57-FFD2-40ED-B704-963524C02ECD}.Debug|x64.ActiveCfg = Debug|x64
		{0BBC9D57-FFD2-40ED-B704-963524C02ECD}.Debug|x64.Build.0 = Debug|x64
		{0BBC9D57-FFD2-40ED-B704-963524C02ECD}.Debug|x86.ActiveCfg = Debug|Win32
		{0BBC9D57-FFD2-40ED-B704-963524C02ECD}.Debug|x86.Build.0 = Debug|Win32
		{0BBC9D57-FFD2-40ED-B704-963524C02ECD}.Release|x64.ActiveCfg = Release|x64
		{0BBC9D57-FFD2-40ED-B704-963524C02ECD}.Release|x64.Build.0 = Release|x64
		{0BBC9D57-FFD2-40ED-B704-963524C02ECD}.Release|x86.ActiveCfg = Release|Win32
		{0BBC9D57-FFD2-40ED-B704-963524C02ECD}.Release|x86.Build.0 = Release|Win32
		{5FF4A79B-6B37-47CA-A39D-3E6678F37E59}.Debug|x64.ActiveCfg = Debug|x64
		{5FF4A79B-6B37-47CA-A39D-3E6678F37E59}.Debug|x64.Build.0 = Debug|x64
		{5FF4A79B-6B37-47CA-A39D-3E6678F37E59}.Debug|x86.ActiveCfg = Debug|Win32
		{5FF4A79B-6B37-47CA-A39D-3E6678F37E59}.Debug|x86.Build.0 = Debug|Win32
		{5FF4A79B-6B37-47CA-A39D-3E6678F37E59}.Release|x64.ActiveCfg = Release|x64
		{5FF4A79B-6B37-47CA-A39D-3E6678F37E59}.Release|x64.Build.0 = Release|x64
		{5FF4A79B-6B37-47CA-A39D-3E6678F37E59}.Release|x86.ActiveCfg = Release|Win32
		{5FF4A79B-6B37-47CA-A39D-3E6678F37E59}.Release|x86.Build.0 = Release|Win32
		{18C5FC42-DABC-4BBF-BA83-A11379698DDD}.Debug|x64.ActiveCfg = Debug|x64
		{18C5FC42-DABC-4BBF-BA83-A11379698DDD}.Debug|x64.Build.0 = Debug|x64
		{18C5FC42-DABC-4BBF-BA83-A11379698DDD}.Debug|x86.ActiveCfg = Debug|Win32
		{18C5FC42-DABC-4BBF-BA83-A11379698DDD}.Debug|x86.Build.0 = Debug|Win32
		{18C5FC42-DABC-4BBF-BA83-A11379698DDD}.Release|x64.ActiveCfg = Release|x64
		{18C5FC42-DABC-4BBF-BA83-A11379698DDD}.Release|x64.Build.0 = Release|x64
		{18C5FC42-DABC-4BBF-BA83-A11379698DDD}.Release|x86.ActiveCfg = Release|Win32
		{18C5FC42-DABC-4BBF-BA83-A11379698DDD}.Release|x86.Build.0 = Release|Win32
		{57E31132-23B7-4EE1-81E7-7299406CFC76}.Debug|x64.ActiveCfg = Debug|x64
		{57E31132-23B7-4EE1-81E7-7299406CFC76}.Debug|x64.Build.0 = Debug|x64
		{57E31132-23B7-4EE1-81E7-7299406CFC76}.Debug|x86.ActiveCfg = Debug|Win32
		{57E31132-23B7-4EE1-81E7-7299406CFC76}.Debug|x86.Build.0 = Debug|Win32
		{57E31132-23B7-4EE1-81E7-7299406CFC76}.Release|x64.ActiveCfg = Release|x64
		{57E31132-23B7-4EE1-81E7-7299406CFC76}.Release|x64.Build.0 = Release|x64
		{57E31132-23B7-4EE1-81E7-7299406CFC76}.Release|x86.ActiveCfg = Release|Win32
		{57E31132-23B7-4EE1-81E7-7299406CFC76}.Release|x86.Build.0 = Release|Win32
		{34B06BA5-D271-4AC2-BD9C-46B7279B0D7C}.Debug|x64.ActiveCfg = Debug|x64
		{34B06BA5-D271-4AC2-BD9C-46B7279B0D7C}.Debug|x64.Build.0 = Debug|x64
		{34B06BA5-D271-4AC2-BD9C-46B7279B0D7C}.Debug|x86.ActiveCfg = Debug|Win32
		{34B06BA5-D271-4AC2-BD9C-46B7279B0D7C}.Debug|x86.Build.0 = Debug|Win32
		{34B06BA5-D271-4AC2-BD9C-46B7279B0D7C}.Release|x64.ActiveCfg = Release|x64
		{34B06BA5-D271-4AC2-BD9C-46B7279B0D7C}.Release|x64.Build.0 = Release|x64
		{34B06BA5-D271-4AC2-BD9C-46B7279B0D7C}.Release|x86.ActiveCfg = Release|Win32
		{34B06BA5-D271-4AC2-BD9C-46B7279B0D7C}.Release|x86.Build.0 = Release|Win32
		{C89A9400-9648-470C-A1A5-FA4BEB6DD7EB}.Debug|x64.ActiveCfg = Debug|x64
		{C89A9400-9648-470C-A1A5-FA4BEB6DD7EB}.Debug|x64.Build.0 = Debug|x64
		{C89A9400-9648-470C-A1A5-FA4BEB6DD7EB}.Debug|x86.ActiveCfg = Debug|Win32
		{C89A9400-9648-470C-A1A5-FA4BEB6DD7EB}.Debug|x86.Build.0 = Debug|Win32
		{C89A9400-9648-470C-A1A5-FA4BEB6DD7EB}.Release|x64.ActiveCfg = Release|x64
		{C89A9400-9648-470C-A1A5-FA4BEB6DD7EB}.Release|x64.Build.0 = Release|x64
		{C89A9400-9648-470C-A1A5-FA4BEB6DD7EB}.Release|x86.ActiveCfg = Release|Win32
		{C89A9400-9648-470C-A1A5-FA4BEB6DD7EB}.Release|x86.Build.0 = Release|Win32
		{8870CFF5-E9CB-4376-B2CD-D3207FD3A709}.Debug|x64.ActiveCfg = Debug|x64
		{8870CFF5-E9CB-4376-B2CD-D3207FD3A709}.Debug|x64.Build.0 = Debug|x64
		{8870CFF5-E9CB-4376-B2CD-D3207FD3A709}.Debug|x86.ActiveCfg = Debug|Win32
		{8870CFF5-E9CB-4376-B2CD-D3207FD3A709}.Debug|x86.Build.0 = Debug|Win32
		{8870CFF5-E9CB-4376-B2CD-D3207FD3A709}.Release|x64.ActiveCfg = Release|x64
		{8870CFF5-E9CB-4376-B2CD-D3207FD3A709}.Release|x64.Build.0 = Release|x64
		{8870CFF5-E9CB-4376-B2CD-D3207FD3A709}.Release|x86.ActiveCfg = Release|Win32
		{8870CFF5-E9CB-4376-B2CD-D3207FD3A709}.Release|x86.Build.0 = Release|Win32
		{8FDF090D-4FAA-42EB-8F3A-84C2B1A9A064}.Debug|x64.ActiveCfg = Debug|x64
		{8FDF090D-4FAA-42EB-8F3A-84C2B1A9A064}.Debug|x64.Build.0 = Debug|x64
		{8FDF090D-4FAA-42EB-8F3A-84C2B1A9A064}.Debug|x86.ActiveCfg = Debug|Win32
		{8FDF090D-4FAA-42EB-8F3A-84C2B1A9A064}.Debug|x86.Build.0 = Debug|Win32
		{8FDF090D-4FAA-42EB-8F3A-84C2B1A9A064}.Release|x64.ActiveCfg = Release|x64
		{8FDF090D-4FAA-42EB-8F3A-84C2B1A9A064}.Release|x64.Build.0 = Release|x64
		{8FDF090D-4FAA-42EB-8F3A-84C2B1A9A064}.Release|x86.ActiveCfg = Release|Win32
		{8FDF090D-4FAA-42EB-8F3A-84C2B1A9A064}.Release|x86.Build.0 = Release|Win32
		{D7F00899-63A2-4DDE-A64C-A368118195F3}.Debug|x64.ActiveCfg = Debug|x64
		{D7F00899-63A2-4DDE-A64C-A368118195F3}.Debug|x64.Build.0 = Debug|x64
		{D7F00899-63A2-4DDE-A64C-A368118195F3}.Debug|x86.ActiveCfg = Debug|Win32
		{D7F00899-63A2-4DDE-A64C-A368118195F3}.Debug|x86.Build.0 = Debug|Win32
		{D7F00899-63A2-4DDE-A64C-A368118195F3}.Release|x64.ActiveCfg = Release|x64
		{D7F00899-63A2-4DDE-A64C-A368118195F3}.Release|x64.Build.0 = Release|x64
		{D7F00899-63A2-4DDE-A64C-A368118195F3}.Release|x86.ActiveCfg = Release|Win32
		{D7F00899-63A2-4DDE-A64C-A368118195F3}.Release|x86.Build.0 = Release|Win32
		{F907D00B-EC14-4B71-8D5F-F7680A0E45E9}.Debug|x64.ActiveCfg = Debug|x64
		{F907D00B-EC14-4B71-8D5F-F7680A0E45E9}.Debug|x64.Build.0 = Debug|x64
		{F907D00B-EC14-4B71-8D5F-F7680A0E45E9}.Debug|x86.ActiveCfg = Debug|Win32
		{F907D00B-EC14-4B71-8D5F-F7680A0E45E9}.Debug|x86.Build.0 = Debug|Win32
		{F907D00B-EC14-4B71-8D5F-F7680A0E45E9}.Release|x64.ActiveCfg = Release|x64
		{F907D00B-EC14-4B71-8D5F-F7680A0E45E9}.Release|x64.Build.0 = Release|x64
		{F907D00B-EC14-4B71-8D5F-F7680A0E45E9}.Release|x86.ActiveCfg = Release|Win32
		{F907D00B-EC14-4B71-8D5F-F7680A0E45E9}.Release|x86.Build.0 = Release|Win32
		{18EC58DA-2A20-4A26-BCB4-2DB6B9BCF162}.Debug|x64.ActiveCfg = Debug|x64
		{18EC58DA-2A20-4A26-BCB4-2DB6B9BCF162}.Debug|x64.Build.0 = Debug|x64
		{18EC58DA-2A20-4A26-BCB4-2DB6B9BCF162}.Debug|x86.ActiveCfg = Debug|Win32
		{18EC58DA-2A20-4A26-BCB4-2DB6B9BCF162}.Debug|x86.Build.0 = Debug|Win32
		{18EC58DA-2A20-4A26-BCB4-2DB6B9BCF162}.Release|x64.ActiveCfg = Release|x64
		{18EC58DA-2A20-4A26-BCB4-2DB6B9BCF162}.Release|x64.Build.0 = Release|x64
		{18EC58DA-2A20-4A26-BCB4-2DB6B9BCF162}.Release|x86.ActiveCfg = Release|Win32
		{18EC58DA-2A20-4A26-BCB4-2DB6B9BCF162}.Release|x86.Build.0 = Release|Win32
		{167FF47A-D934-41DA-AB0A-C2C91F36A4F8}.Debug|x64.ActiveCfg = Debug|x64
		{167FF47A-D934-41DA-AB0A-C2C91F36A4F8}.Debug|x64.Build.0 = Debug|x64
		{167FF47A-D934-41DA-AB0A-C2C91F36A4F8}.Debug|x86.ActiveCfg = Debug|Win32
		{167FF47A-D934-41DA-AB0A-C2C91F36A4F8}.Debug|x86.Build.0 = Debug|Win32
		{167FF47A-D934-41DA-AB0A-C2C91F36A4F8}.Release|x64.ActiveCfg = Release|x64
		{167FF47A-D934-41DA-AB0A-C2C91F36A4F8}.Release|x64.Build.0 = Release|x64
		{167FF47A-D934-41DA-AB0A-C2C91F36A4F8}.Release|x86.ActiveCfg = Release|Win32
		{167FF47A-D934-41DA-AB0A-C2C91F36A4F8}.Release|x86.Build.0 = Release|Win32
		{A3562649-B4D4-4C8B-86A3-4D915BFAADD5}.Debug|x64.ActiveCfg = Debug|x64
		{A3562649-B4D4-4C8B-86A3-4D915BFAADD5}.Debug|x64.Build.0 = Debug|x64
		{A3562649-B4D4-4C8B-86A3-4D915BFAADD5}.Debug|x86.ActiveCfg = Debug|Win32
		{A3562649-B4D4-4C8B-86A3-4D915BFAADD5}.Debug|x86.Build.0 = Debug|Win32
		{A3562649-B4D4-4C8B-86A3-4D915BFAADD5}.Release|x64.ActiveCfg = Release|x64
		{A3562649-B4D4-4C8B-86A3-4D915BFAADD5}.Release|x64.Build.0 = Release|x64
		{A3562649-B4D4-4C8B-86A3-4D915BFAADD5}.Release|x86.ActiveCfg = Release|Win32
		{A3562649-B4D4-4C8B-86A3-4D915BFAADD5}.Release|x86.Build.0 = Release|Win32
		{D6B19BC5-1343-4D3D-977E-D382D57A8BE8}.Debug|x64.ActiveCfg = Debug|x64
		{D6B19BC5-1343-4D3D-977E-D382D57A8BE8}.Debug|x64.Build.0 = Debug|x64
		{D6B19BC5-1343-4D3D-977E-D382D57A8BE8}.Debug|x86.ActiveCfg = Debug|Win32
		{D6B19BC5-1343-4D3D-977E-D382D57A8BE8}.Debug|x86.Build.0 = Debug|Win32
		{D6B19BC5-1343-4D3D-977E-D382D57A8BE8}.Release|x64.ActiveCfg = Release|x64
		{D6B19BC5-1343-4D3D-977E-D382D57A8BE8}.Release|x64.Build.0 = Release|x64
		{D6B19BC5-1343-4D3D-977E-D382D57A8BE8}.Release|x86.ActiveCfg = Release|Win32
		{D6B19BC5-1343-4D3D-977E-D382D57A8BE8}.Release|x86.Build.0 = Release|Win32
		{A0463B3A-1D2B-451E-8A3E-DAC020EDE6D9}.Debug|x64.ActiveCfg = Debug|x64
		{A0463B3A-1D2B-451E-8A3E-DAC020EDE6D9}.Debug|x64.Build.0 = Debug|x64
		{A0463B3A-1D2B-451E-8A3E-DAC020EDE6D9}.Debug|x86.ActiveCfg = Debug|Win32
		{A0463B3A-1D2B-451E-8A3E-DAC020EDE6D9}.Debug|x86.Build.0 = Debug|Win32
		{A0463B3A-1D2B-451E-8A3E-DAC020EDE6D9}.Release|x64.ActiveCfg = Release|x64
		{A0463B3A-1D2B-451E-8A3E-DAC020EDE6D9}.Release|x64.Build.0 = Release|x64
		{A0463B3A-1D2B-451E-8A3E-DAC020EDE6D9}.Release|x86.ActiveCfg = Release|Win32
		{A0463B3A-1D2B-451E-8A3E-DAC020EDE6D9}.Release|x86.Build.0 = Release|Win32
		{86D4F896-B6D3-4FA9-B861-C1F50E632A2C}.Debug|x64.ActiveCfg = Debug|x64
		{86D4F896-B6D3-4FA9-B861-C1F50E632A2C}.Debug|x64.Build.0 = Debug|x64
		{86D4F896-B6D3-4FA9-B861-C1F50E632A2C}.Debug|x86.ActiveCfg = Debug|Win32
		{86D4F896-B6D3-4FA9-B861-C1F50E632A2C}.Debug|x86.Build.0 = Debug|Win32
		{86D4F896-B6D3-4FA9-B861-C1F50E632A2C}.Release|x64.ActiveCfg = Release|x64
		{86D4F896-B6D3-4FA9-B861-C1F50E632A2C}.Release|x64.Build.0 = Release|x64
		{86D4F896-B6D3-4FA9-B861-C1F50E632A2C}.Release|x86.ActiveCfg = Release|Win32
		{86D4F896-B6D3-4FA9-B861-C1F50E632A2C}.Release|x86.Build.0 = Release|Win32
	EndGlobalSection
	GlobalSection(SolutionProperties) = preSolution
		HideSolutionNode = FALSE
	EndGlobalSection
	GlobalSection(ExtensibilityGlobals) = postSolution
		SolutionGuid = {3A72000E-F8CD-4526-BFB9-D5B9E3D6F7FA}
	EndGlobalSection
EndGlobal
